// !$*UTF8*$!
{
	archiveVersion = 1;
	classes = {
	};
	objectVersion = 50;
	objects = {

/* Begin PBXBuildFile section */
		AF863DB9247D243400F710FD /* Employee.swift in Sources */ = {isa = PBXBuildFile; fileRef = AF863DB8247D243400F710FD /* Employee.swift */; };
		AF863DBB247D259700F710FD /* NSObject.swift in Sources */ = {isa = PBXBuildFile; fileRef = AF863DBA247D259700F710FD /* NSObject.swift */; };
		AF863DBF247D262C00F710FD /* SeparatedProtocol.swift in Sources */ = {isa = PBXBuildFile; fileRef = AF863DBE247D262C00F710FD /* SeparatedProtocol.swift */; };
		AF863DC3247D263600F710FD /* NavigationController.swift in Sources */ = {isa = PBXBuildFile; fileRef = AF863DC0247D263600F710FD /* NavigationController.swift */; };
		AF863DC4247D263600F710FD /* TableViewController.swift in Sources */ = {isa = PBXBuildFile; fileRef = AF863DC1247D263600F710FD /* TableViewController.swift */; };
		AF863DC5247D263600F710FD /* ViewController.swift in Sources */ = {isa = PBXBuildFile; fileRef = AF863DC2247D263600F710FD /* ViewController.swift */; };
		AF863DC7247D269E00F710FD /* HomeViewController.swift in Sources */ = {isa = PBXBuildFile; fileRef = AF863DC6247D269E00F710FD /* HomeViewController.swift */; };
		AF863DCB247D26D700F710FD /* AboutViewController.swift in Sources */ = {isa = PBXBuildFile; fileRef = AF863DCA247D26D700F710FD /* AboutViewController.swift */; };
		AF863DCE247D26F600F710FD /* ContactViewController.swift in Sources */ = {isa = PBXBuildFile; fileRef = AF863DCD247D26F600F710FD /* ContactViewController.swift */; };
		AF863DD1247D282100F710FD /* UserInfoViewController.swift in Sources */ = {isa = PBXBuildFile; fileRef = AF863DCF247D282100F710FD /* UserInfoViewController.swift */; };
		AF863DD2247D282100F710FD /* UserInfoViewController.xib in Resources */ = {isa = PBXBuildFile; fileRef = AF863DD0247D282100F710FD /* UserInfoViewController.xib */; };
		AF8B5065247BBD9200CE88E9 /* AppDelegate.swift in Sources */ = {isa = PBXBuildFile; fileRef = AF8B5064247BBD9200CE88E9 /* AppDelegate.swift */; };
		AF8B506C247BBD9200CE88E9 /* Main.storyboard in Resources */ = {isa = PBXBuildFile; fileRef = AF8B506A247BBD9200CE88E9 /* Main.storyboard */; };
		AF8B506E247BBD9800CE88E9 /* Assets.xcassets in Resources */ = {isa = PBXBuildFile; fileRef = AF8B506D247BBD9800CE88E9 /* Assets.xcassets */; };
		AF8B5071247BBD9800CE88E9 /* LaunchScreen.storyboard in Resources */ = {isa = PBXBuildFile; fileRef = AF8B506F247BBD9800CE88E9 /* LaunchScreen.storyboard */; };
/* End PBXBuildFile section */

/* Begin PBXFileReference section */
		AF863DB8247D243400F710FD /* Employee.swift */ = {isa = PBXFileReference; lastKnownFileType = sourcecode.swift; path = Employee.swift; sourceTree = "<group>"; };
		AF863DBA247D259700F710FD /* NSObject.swift */ = {isa = PBXFileReference; fileEncoding = 4; lastKnownFileType = sourcecode.swift; path = NSObject.swift; sourceTree = "<group>"; };
		AF863DBE247D262C00F710FD /* SeparatedProtocol.swift */ = {isa = PBXFileReference; fileEncoding = 4; lastKnownFileType = sourcecode.swift; path = SeparatedProtocol.swift; sourceTree = "<group>"; };
		AF863DC0247D263600F710FD /* NavigationController.swift */ = {isa = PBXFileReference; fileEncoding = 4; lastKnownFileType = sourcecode.swift; path = NavigationController.swift; sourceTree = "<group>"; };
		AF863DC1247D263600F710FD /* TableViewController.swift */ = {isa = PBXFileReference; fileEncoding = 4; lastKnownFileType = sourcecode.swift; path = TableViewController.swift; sourceTree = "<group>"; };
		AF863DC2247D263600F710FD /* ViewController.swift */ = {isa = PBXFileReference; fileEncoding = 4; lastKnownFileType = sourcecode.swift; path = ViewController.swift; sourceTree = "<group>"; };
		AF863DC6247D269E00F710FD /* HomeViewController.swift */ = {isa = PBXFileReference; lastKnownFileType = sourcecode.swift; path = HomeViewController.swift; sourceTree = "<group>"; };
		AF863DCA247D26D700F710FD /* AboutViewController.swift */ = {isa = PBXFileReference; lastKnownFileType = sourcecode.swift; path = AboutViewController.swift; sourceTree = "<group>"; };
		AF863DCD247D26F600F710FD /* ContactViewController.swift */ = {isa = PBXFileReference; lastKnownFileType = sourcecode.swift; path = ContactViewController.swift; sourceTree = "<group>"; };
		AF863DCF247D282100F710FD /* UserInfoViewController.swift */ = {isa = PBXFileReference; lastKnownFileType = sourcecode.swift; path = UserInfoViewController.swift; sourceTree = "<group>"; };
		AF863DD0247D282100F710FD /* UserInfoViewController.xib */ = {isa = PBXFileReference; lastKnownFileType = file.xib; path = UserInfoViewController.xib; sourceTree = "<group>"; };
		AF8B5061247BBD9200CE88E9 /* hw_lesson19_UITableView_27.app */ = {isa = PBXFileReference; explicitFileType = wrapper.application; includeInIndex = 0; path = hw_lesson19_UITableView_27.app; sourceTree = BUILT_PRODUCTS_DIR; };
		AF8B5064247BBD9200CE88E9 /* AppDelegate.swift */ = {isa = PBXFileReference; lastKnownFileType = sourcecode.swift; path = AppDelegate.swift; sourceTree = "<group>"; };
		AF8B506B247BBD9200CE88E9 /* Base */ = {isa = PBXFileReference; lastKnownFileType = file.storyboard; name = Base; path = Base.lproj/Main.storyboard; sourceTree = "<group>"; };
		AF8B506D247BBD9800CE88E9 /* Assets.xcassets */ = {isa = PBXFileReference; lastKnownFileType = folder.assetcatalog; path = Assets.xcassets; sourceTree = "<group>"; };
		AF8B5070247BBD9800CE88E9 /* Base */ = {isa = PBXFileReference; lastKnownFileType = file.storyboard; name = Base; path = Base.lproj/LaunchScreen.storyboard; sourceTree = "<group>"; };
		AF8B5072247BBD9800CE88E9 /* Info.plist */ = {isa = PBXFileReference; lastKnownFileType = text.plist.xml; path = Info.plist; sourceTree = "<group>"; };
/* End PBXFileReference section */

/* Begin PBXFrameworksBuildPhase section */
		AF8B505E247BBD9200CE88E9 /* Frameworks */ = {
			isa = PBXFrameworksBuildPhase;
			buildActionMask = 2147483647;
			files = (
			);
			runOnlyForDeploymentPostprocessing = 0;
		};
/* End PBXFrameworksBuildPhase section */

/* Begin PBXGroup section */
		AF863DBC247D25EC00F710FD /* Base */ = {
			isa = PBXGroup;
			children = (
				AF863DC0247D263600F710FD /* NavigationController.swift */,
				AF863DC1247D263600F710FD /* TableViewController.swift */,
				AF863DC2247D263600F710FD /* ViewController.swift */,
			);
			path = Base;
			sourceTree = "<group>";
		};
		AF863DBD247D25FD00F710FD /* Common */ = {
			isa = PBXGroup;
			children = (
				AF863DBE247D262C00F710FD /* SeparatedProtocol.swift */,
			);
			path = Common;
			sourceTree = "<group>";
		};
		AF863DC8247D26B100F710FD /* Home */ = {
			isa = PBXGroup;
			children = (
				AF863DC6247D269E00F710FD /* HomeViewController.swift */,
			);
			path = Home;
			sourceTree = "<group>";
		};
		AF863DC9247D26C600F710FD /* About */ = {
			isa = PBXGroup;
			children = (
				AF863DCA247D26D700F710FD /* AboutViewController.swift */,
			);
			path = About;
			sourceTree = "<group>";
		};
		AF863DCC247D26E100F710FD /* Contact */ = {
			isa = PBXGroup;
			children = (
				AF863DCD247D26F600F710FD /* ContactViewController.swift */,
				AF863DD3247D283300F710FD /* UserInfo */,
			);
			path = Contact;
			sourceTree = "<group>";
		};
		AF863DD3247D283300F710FD /* UserInfo */ = {
			isa = PBXGroup;
			children = (
				AF863DCF247D282100F710FD /* UserInfoViewController.swift */,
				AF863DD0247D282100F710FD /* UserInfoViewController.xib */,
			);
			path = UserInfo;
			sourceTree = "<group>";
		};
		AF8B5058247BBD9200CE88E9 = {
			isa = PBXGroup;
			children = (
				AF8B5063247BBD9200CE88E9 /* hw_lesson19_UITableView_27 */,
				AF8B5062247BBD9200CE88E9 /* Products */,
			);
			sourceTree = "<group>";
		};
		AF8B5062247BBD9200CE88E9 /* Products */ = {
			isa = PBXGroup;
			children = (
				AF8B5061247BBD9200CE88E9 /* hw_lesson19_UITableView_27.app */,
			);
			name = Products;
			sourceTree = "<group>";
		};
		AF8B5063247BBD9200CE88E9 /* hw_lesson19_UITableView_27 */ = {
			isa = PBXGroup;
			children = (
				AF8B507A247BBE4400CE88E9 /* Model */,
				AF8B5079247BBE3000CE88E9 /* Extention */,
				AF8B5078247BBE2700CE88E9 /* UI */,
				AF8B5064247BBD9200CE88E9 /* AppDelegate.swift */,
				AF8B506A247BBD9200CE88E9 /* Main.storyboard */,
				AF8B506D247BBD9800CE88E9 /* Assets.xcassets */,
				AF8B506F247BBD9800CE88E9 /* LaunchScreen.storyboard */,
				AF8B5072247BBD9800CE88E9 /* Info.plist */,
			);
			path = hw_lesson19_UITableView_27;
			sourceTree = "<group>";
		};
		AF8B5078247BBE2700CE88E9 /* UI */ = {
			isa = PBXGroup;
			children = (
				AF863DCC247D26E100F710FD /* Contact */,
				AF863DC9247D26C600F710FD /* About */,
				AF863DC8247D26B100F710FD /* Home */,
				AF863DBD247D25FD00F710FD /* Common */,
				AF863DBC247D25EC00F710FD /* Base */,
			);
			path = UI;
			sourceTree = "<group>";
		};
		AF8B5079247BBE3000CE88E9 /* Extention */ = {
			isa = PBXGroup;
			children = (
				AF863DBA247D259700F710FD /* NSObject.swift */,
			);
			path = Extention;
			sourceTree = "<group>";
		};
		AF8B507A247BBE4400CE88E9 /* Model */ = {
			isa = PBXGroup;
			children = (
				AF863DB8247D243400F710FD /* Employee.swift */,
			);
			path = Model;
			sourceTree = "<group>";
		};
/* End PBXGroup section */

/* Begin PBXNativeTarget section */
		AF8B5060247BBD9200CE88E9 /* hw_lesson19_UITableView_27 */ = {
			isa = PBXNativeTarget;
			buildConfigurationList = AF8B5075247BBD9800CE88E9 /* Build configuration list for PBXNativeTarget "hw_lesson19_UITableView_27" */;
			buildPhases = (
				AF8B505D247BBD9200CE88E9 /* Sources */,
				AF8B505E247BBD9200CE88E9 /* Frameworks */,
				AF8B505F247BBD9200CE88E9 /* Resources */,
			);
			buildRules = (
			);
			dependencies = (
			);
			name = hw_lesson19_UITableView_27;
			productName = hw_lesson19_UITableView_27;
			productReference = AF8B5061247BBD9200CE88E9 /* hw_lesson19_UITableView_27.app */;
			productType = "com.apple.product-type.application";
		};
/* End PBXNativeTarget section */

/* Begin PBXProject section */
		AF8B5059247BBD9200CE88E9 /* Project object */ = {
			isa = PBXProject;
			attributes = {
				LastSwiftUpdateCheck = 1140;
				LastUpgradeCheck = 1140;
				ORGANIZATIONNAME = "Oleg Chudnovskij";
				TargetAttributes = {
					AF8B5060247BBD9200CE88E9 = {
						CreatedOnToolsVersion = 11.4.1;
					};
				};
			};
			buildConfigurationList = AF8B505C247BBD9200CE88E9 /* Build configuration list for PBXProject "hw_lesson19_UITableView_27" */;
			compatibilityVersion = "Xcode 9.3";
			developmentRegion = en;
			hasScannedForEncodings = 0;
			knownRegions = (
				en,
				Base,
			);
			mainGroup = AF8B5058247BBD9200CE88E9;
			productRefGroup = AF8B5062247BBD9200CE88E9 /* Products */;
			projectDirPath = "";
			projectRoot = "";
			targets = (
				AF8B5060247BBD9200CE88E9 /* hw_lesson19_UITableView_27 */,
			);
		};
/* End PBXProject section */

/* Begin PBXResourcesBuildPhase section */
		AF8B505F247BBD9200CE88E9 /* Resources */ = {
			isa = PBXResourcesBuildPhase;
			buildActionMask = 2147483647;
			files = (
				AF8B5071247BBD9800CE88E9 /* LaunchScreen.storyboard in Resources */,
				AF863DD2247D282100F710FD /* UserInfoViewController.xib in Resources */,
				AF8B506E247BBD9800CE88E9 /* Assets.xcassets in Resources */,
				AF8B506C247BBD9200CE88E9 /* Main.storyboard in Resources */,
			);
			runOnlyForDeploymentPostprocessing = 0;
		};
/* End PBXResourcesBuildPhase section */

/* Begin PBXSourcesBuildPhase section */
		AF8B505D247BBD9200CE88E9 /* Sources */ = {
			isa = PBXSourcesBuildPhase;
			buildActionMask = 2147483647;
			files = (
				AF863DC4247D263600F710FD /* TableViewController.swift in Sources */,
				AF863DC3247D263600F710FD /* NavigationController.swift in Sources */,
				AF863DBB247D259700F710FD /* NSObject.swift in Sources */,
				AF863DBF247D262C00F710FD /* SeparatedProtocol.swift in Sources */,
				AF863DC7247D269E00F710FD /* HomeViewController.swift in Sources */,
				AF863DD1247D282100F710FD /* UserInfoViewController.swift in Sources */,
				AF863DCE247D26F600F710FD /* ContactViewController.swift in Sources */,
				AF863DB9247D243400F710FD /* Employee.swift in Sources */,
				AF863DC5247D263600F710FD /* ViewController.swift in Sources */,
				AF863DCB247D26D700F710FD /* AboutViewController.swift in Sources */,
				AF8B5065247BBD9200CE88E9 /* AppDelegate.swift in Sources */,
			);
			runOnlyForDeploymentPostprocessing = 0;
		};
/* End PBXSourcesBuildPhase section */

/* Begin PBXVariantGroup section */
		AF8B506A247BBD9200CE88E9 /* Main.storyboard */ = {
			isa = PBXVariantGroup;
			children = (
				AF8B506B247BBD9200CE88E9 /* Base */,
			);
			name = Main.storyboard;
			sourceTree = "<group>";
		};
		AF8B506F247BBD9800CE88E9 /* LaunchScreen.storyboard */ = {
			isa = PBXVariantGroup;
			children = (
				AF8B5070247BBD9800CE88E9 /* Base */,
			);
			name = LaunchScreen.storyboard;
			sourceTree = "<group>";
		};
/* End PBXVariantGroup section */

/* Begin XCBuildConfiguration section */
		AF8B5073247BBD9800CE88E9 /* Debug */ = {
			isa = XCBuildConfiguration;
			buildSettings = {
				ALWAYS_SEARCH_USER_PATHS = NO;
				CLANG_ANALYZER_NONNULL = YES;
				CLANG_ANALYZER_NUMBER_OBJECT_CONVERSION = YES_AGGRESSIVE;
				CLANG_CXX_LANGUAGE_STANDARD = "gnu++14";
				CLANG_CXX_LIBRARY = "libc++";
				CLANG_ENABLE_MODULES = YES;
				CLANG_ENABLE_OBJC_ARC = YES;
				CLANG_ENABLE_OBJC_WEAK = YES;
				CLANG_WARN_BLOCK_CAPTURE_AUTORELEASING = YES;
				CLANG_WARN_BOOL_CONVERSION = YES;
				CLANG_WARN_COMMA = YES;
				CLANG_WARN_CONSTANT_CONVERSION = YES;
				CLANG_WARN_DEPRECATED_OBJC_IMPLEMENTATIONS = YES;
				CLANG_WARN_DIRECT_OBJC_ISA_USAGE = YES_ERROR;
				CLANG_WARN_DOCUMENTATION_COMMENTS = YES;
				CLANG_WARN_EMPTY_BODY = YES;
				CLANG_WARN_ENUM_CONVERSION = YES;
				CLANG_WARN_INFINITE_RECURSION = YES;
				CLANG_WARN_INT_CONVERSION = YES;
				CLANG_WARN_NON_LITERAL_NULL_CONVERSION = YES;
				CLANG_WARN_OBJC_IMPLICIT_RETAIN_SELF = YES;
				CLANG_WARN_OBJC_LITERAL_CONVERSION = YES;
				CLANG_WARN_OBJC_ROOT_CLASS = YES_ERROR;
				CLANG_WARN_RANGE_LOOP_ANALYSIS = YES;
				CLANG_WARN_STRICT_PROTOTYPES = YES;
				CLANG_WARN_SUSPICIOUS_MOVE = YES;
				CLANG_WARN_UNGUARDED_AVAILABILITY = YES_AGGRESSIVE;
				CLANG_WARN_UNREACHABLE_CODE = YES;
				CLANG_WARN__DUPLICATE_METHOD_MATCH = YES;
				COPY_PHASE_STRIP = NO;
				DEBUG_INFORMATION_FORMAT = dwarf;
				ENABLE_STRICT_OBJC_MSGSEND = YES;
				ENABLE_TESTABILITY = YES;
				GCC_C_LANGUAGE_STANDARD = gnu11;
				GCC_DYNAMIC_NO_PIC = NO;
				GCC_NO_COMMON_BLOCKS = YES;
				GCC_OPTIMIZATION_LEVEL = 0;
				GCC_PREPROCESSOR_DEFINITIONS = (
					"DEBUG=1",
					"$(inherited)",
				);
				GCC_WARN_64_TO_32_BIT_CONVERSION = YES;
				GCC_WARN_ABOUT_RETURN_TYPE = YES_ERROR;
				GCC_WARN_UNDECLARED_SELECTOR = YES;
				GCC_WARN_UNINITIALIZED_AUTOS = YES_AGGRESSIVE;
				GCC_WARN_UNUSED_FUNCTION = YES;
				GCC_WARN_UNUSED_VARIABLE = YES;
				IPHONEOS_DEPLOYMENT_TARGET = 13.4;
				MTL_ENABLE_DEBUG_INFO = INCLUDE_SOURCE;
				MTL_FAST_MATH = YES;
				ONLY_ACTIVE_ARCH = YES;
				SDKROOT = iphoneos;
				SWIFT_ACTIVE_COMPILATION_CONDITIONS = DEBUG;
				SWIFT_OPTIMIZATION_LEVEL = "-Onone";
			};
			name = Debug;
		};
		AF8B5074247BBD9800CE88E9 /* Release */ = {
			isa = XCBuildConfiguration;
			buildSettings = {
				ALWAYS_SEARCH_USER_PATHS = NO;
				CLANG_ANALYZER_NONNULL = YES;
				CLANG_ANALYZER_NUMBER_OBJECT_CONVERSION = YES_AGGRESSIVE;
				CLANG_CXX_LANGUAGE_STANDARD = "gnu++14";
				CLANG_CXX_LIBRARY = "libc++";
				CLANG_ENABLE_MODULES = YES;
				CLANG_ENABLE_OBJC_ARC = YES;
				CLANG_ENABLE_OBJC_WEAK = YES;
				CLANG_WARN_BLOCK_CAPTURE_AUTORELEASING = YES;
				CLANG_WARN_BOOL_CONVERSION = YES;
				CLANG_WARN_COMMA = YES;
				CLANG_WARN_CONSTANT_CONVERSION = YES;
				CLANG_WARN_DEPRECATED_OBJC_IMPLEMENTATIONS = YES;
				CLANG_WARN_DIRECT_OBJC_ISA_USAGE = YES_ERROR;
				CLANG_WARN_DOCUMENTATION_COMMENTS = YES;
				CLANG_WARN_EMPTY_BODY = YES;
				CLANG_WARN_ENUM_CONVERSION = YES;
				CLANG_WARN_INFINITE_RECURSION = YES;
				CLANG_WARN_INT_CONVERSION = YES;
				CLANG_WARN_NON_LITERAL_NULL_CONVERSION = YES;
				CLANG_WARN_OBJC_IMPLICIT_RETAIN_SELF = YES;
				CLANG_WARN_OBJC_LITERAL_CONVERSION = YES;
				CLANG_WARN_OBJC_ROOT_CLASS = YES_ERROR;
				CLANG_WARN_RANGE_LOOP_ANALYSIS = YES;
				CLANG_WARN_STRICT_PROTOTYPES = YES;
				CLANG_WARN_SUSPICIOUS_MOVE = YES;
				CLANG_WARN_UNGUARDED_AVAILABILITY = YES_AGGRESSIVE;
				CLANG_WARN_UNREACHABLE_CODE = YES;
				CLANG_WARN__DUPLICATE_METHOD_MATCH = YES;
				COPY_PHASE_STRIP = NO;
				DEBUG_INFORMATION_FORMAT = "dwarf-with-dsym";
				ENABLE_NS_ASSERTIONS = NO;
				ENABLE_STRICT_OBJC_MSGSEND = YES;
				GCC_C_LANGUAGE_STANDARD = gnu11;
				GCC_NO_COMMON_BLOCKS = YES;
				GCC_WARN_64_TO_32_BIT_CONVERSION = YES;
				GCC_WARN_ABOUT_RETURN_TYPE = YES_ERROR;
				GCC_WARN_UNDECLARED_SELECTOR = YES;
				GCC_WARN_UNINITIALIZED_AUTOS = YES_AGGRESSIVE;
				GCC_WARN_UNUSED_FUNCTION = YES;
				GCC_WARN_UNUSED_VARIABLE = YES;
				IPHONEOS_DEPLOYMENT_TARGET = 13.4;
				MTL_ENABLE_DEBUG_INFO = NO;
				MTL_FAST_MATH = YES;
				SDKROOT = iphoneos;
				SWIFT_COMPILATION_MODE = wholemodule;
				SWIFT_OPTIMIZATION_LEVEL = "-O";
				VALIDATE_PRODUCT = YES;
			};
			name = Release;
		};
		AF8B5076247BBD9800CE88E9 /* Debug */ = {
			isa = XCBuildConfiguration;
			buildSettings = {
				ASSETCATALOG_COMPILER_APPICON_NAME = AppIcon;
				CODE_SIGN_STYLE = Automatic;
				DEVELOPMENT_TEAM = AJ38HSGQVX;
				INFOPLIST_FILE = hw_lesson19_UITableView_27/Info.plist;
				IPHONEOS_DEPLOYMENT_TARGET = 12.4;
				LD_RUNPATH_SEARCH_PATHS = (
					"$(inherited)",
					"@executable_path/Frameworks",
				);
				PRODUCT_BUNDLE_IDENTIFIER = "com.OlegChudnovskij.hw-lesson19-UITableView-27";
				PRODUCT_NAME = "$(TARGET_NAME)";
				SWIFT_VERSION = 5.0;
				TARGETED_DEVICE_FAMILY = "1,2";
			};
			name = Debug;
		};
		AF8B5077247BBD9800CE88E9 /* Release */ = {
			isa = XCBuildConfiguration;
			buildSettings = {
				ASSETCATALOG_COMPILER_APPICON_NAME = AppIcon;
				CODE_SIGN_STYLE = Automatic;
				DEVELOPMENT_TEAM = AJ38HSGQVX;
				INFOPLIST_FILE = hw_lesson19_UITableView_27/Info.plist;
				IPHONEOS_DEPLOYMENT_TARGET = 12.4;
				LD_RUNPATH_SEARCH_PATHS = (
					"$(inherited)",
					"@executable_path/Frameworks",
				);
				PRODUCT_BUNDLE_IDENTIFIER = "com.OlegChudnovskij.hw-lesson19-UITableView-27";
				PRODUCT_NAME = "$(TARGET_NAME)";
				SWIFT_VERSION = 5.0;
				TARGETED_DEVICE_FAMILY = "1,2";
			};
			name = Release;
		};
/* End XCBuildConfiguration section */

/* Begin XCConfigurationList section */
		AF8B505C247BBD9200CE88E9 /* Build configuration list for PBXProject "hw_lesson19_UITableView_27" */ = {
			isa = XCConfigurationList;
			buildConfigurations = (
				AF8B5073247BBD9800CE88E9 /* Debug */,
				AF8B5074247BBD9800CE88E9 /* Release */,
			);
			defaultConfigurationIsVisible = 0;
			defaultConfigurationName = Release;
		};
		AF8B5075247BBD9800CE88E9 /* Build configuration list for PBXNativeTarget "hw_lesson19_UITableView_27" */ = {
			isa = XCConfigurationList;
			buildConfigurations = (
				AF8B5076247BBD9800CE88E9 /* Debug */,
				AF8B5077247BBD9800CE88E9 /* Release */,
			);
			defaultConfigurationIsVisible = 0;
			defaultConfigurationName = Release;
		};
/* End XCConfigurationList section */
	};
	rootObject = AF8B5059247BBD9200CE88E9 /* Project object */;
}
